<?xml version="1.0" encoding="utf-8"?>
<Project ToolsVersion="4.0" xmlns="http://schemas.microsoft.com/developer/msbuild/2003">
  <ItemGroup>
    <Filter Include="Исходные файлы">
      <UniqueIdentifier>{4FC737F1-C7A5-4376-A066-2A32D752A2FF}</UniqueIdentifier>
      <Extensions>cpp;c;cc;cxx;def;odl;idl;hpj;bat;asm;asmx</Extensions>
    </Filter>
    <Filter Include="Файлы заголовков">
      <UniqueIdentifier>{93995380-89BD-4b04-88EB-625FBE52EBFB}</UniqueIdentifier>
      <Extensions>h;hh;hpp;hxx;hm;inl;inc;ipp;xsd</Extensions>
    </Filter>
    <Filter Include="Файлы ресурсов">
      <UniqueIdentifier>{67DA6AB6-F800-4c08-8B7A-83BB121AAD01}</UniqueIdentifier>
      <Extensions>rc;ico;cur;bmp;dlg;rc2;rct;bin;rgs;gif;jpg;jpeg;jpe;resx;tiff;tif;png;wav;mfcribbon-ms</Extensions>
    </Filter>
  </ItemGroup>
  <ItemGroup>
    <ClInclude Include="types\databuffer.h">
      <Filter>Файлы заголовков</Filter>
    </ClInclude>
    <ClInclude Include="types\pcqueue.h">
      <Filter>Файлы заголовков</Filter>
    </ClInclude>
    <ClInclude Include="interfaces\idataproducer.h">
      <Filter>Файлы заголовков</Filter>
    </ClInclude>
    <ClInclude Include="interfaces\idataconsumer.h">
      <Filter>Файлы заголовков</Filter>
    </ClInclude>
    <ClInclude Include="services\filereaderbyparts.h">
      <Filter>Файлы заголовков</Filter>
    </ClInclude>
    <ClInclude Include="services\filewriterbyparts.h">
      <Filter>Файлы заголовков</Filter>
    </ClInclude>
    <ClInclude Include="types\dataunit.h">
      <Filter>Файлы заголовков</Filter>
    </ClInclude>
    <ClInclude Include="interfaces\iworker.h">
      <Filter>Файлы заголовков</Filter>
    </ClInclude>
    <ClInclude Include="services\workers\md5hashworker.h">
      <Filter>Файлы заголовков</Filter>
    </ClInclude>
    <ClInclude Include="3rdparty\md5.h">
      <Filter>Файлы заголовков</Filter>
    </ClInclude>
    <ClInclude Include="services\workers\baseblockworker.h">
      <Filter>Файлы заголовков</Filter>
    </ClInclude>
    <ClInclude Include="types\workerstypes.h">
      <Filter>Файлы заголовков</Filter>
    </ClInclude>
    <ClInclude Include="types\datachannel.h">
      <Filter>Файлы заголовков</Filter>
    </ClInclude>
    <ClInclude Include="tasks\filetofilebyblockstask.h">
      <Filter>Файлы заголовков</Filter>
    </ClInclude>
    <ClInclude Include="interfaces\itask.h">
      <Filter>Файлы заголовков</Filter>
    </ClInclude>
    <ClInclude Include="tasks\taskmanager.h">
      <Filter>Файлы заголовков</Filter>
    </ClInclude>
    <ClInclude Include="services\threadpool.h">
      <Filter>Файлы заголовков</Filter>
    </ClInclude>
    <ClInclude Include="system\applicationcore.h">
      <Filter>Файлы заголовков</Filter>
    </ClInclude>
    <ClInclude Include="system\applicationparameters.h">
      <Filter>Файлы заголовков</Filter>
    </ClInclude>
    <ClInclude Include="system\argumentsparser.h">
      <Filter>Файлы заголовков</Filter>
    </ClInclude>
  </ItemGroup>
  <ItemGroup>
    <ClCompile Include="main.cpp">
      <Filter>Исходные файлы</Filter>
    </ClCompile>
    <ClCompile Include="types\databuffer.cpp">
      <Filter>Исходные файлы</Filter>
    </ClCompile>
    <ClCompile Include="types\pcqueue.cpp">
      <Filter>Исходные файлы</Filter>
    </ClCompile>
    <ClCompile Include="services\filereaderbyparts.cpp">
      <Filter>Исходные файлы</Filter>
    </ClCompile>
    <ClCompile Include="services\filewriterbyparts.cpp">
      <Filter>Исходные файлы</Filter>
    </ClCompile>
    <ClCompile Include="services\workers\md5hashworker.cpp">
      <Filter>Исходные файлы</Filter>
    </ClCompile>
    <ClCompile Include="3rdparty\md5.cpp">
      <Filter>Исходные файлы</Filter>
    </ClCompile>
    <ClCompile Include="services\workers\baseblockworker.cpp">
      <Filter>Исходные файлы</Filter>
    </ClCompile>
    <ClCompile Include="types\datachannel.cpp">
      <Filter>Исходные файлы</Filter>
    </ClCompile>
    <ClCompile Include="tasks\filetofilebyblockstask.cpp">
      <Filter>Исходные файлы</Filter>
    </ClCompile>
    <ClCompile Include="tasks\taskmanager.cpp">
      <Filter>Исходные файлы</Filter>
    </ClCompile>
    <ClCompile Include="services\threadpool.cpp">
      <Filter>Исходные файлы</Filter>
    </ClCompile>
    <ClCompile Include="system\applicationcore.cpp">
      <Filter>Исходные файлы</Filter>
    </ClCompile>
    <ClCompile Include="system\argumentsparser.cpp">
      <Filter>Исходные файлы</Filter>
    </ClCompile>
  </ItemGroup>
</Project>